
Microsoft Visual Studio Solution File, Format Version 12.00
# Visual Studio 15
VisualStudioVersion = 15.0.28307.852
MinimumVisualStudioVersion = 10.0.40219.1
Project("{9A19103F-16F7-4668-BE54-9A1E7A4F7556}") = "ArrayTests", "ArrayTests\ArrayTests.csproj", "{67E8E6EF-D07E-4AA8-AF3F-467E8E99C9A5}"
EndProject
Project("{FAE04EC0-301F-11D3-BF4B-00C04F79EFBC}") = "ForVsForeach", "ForVsForeach\ForVsForeach.csproj", "{C910F873-0D5F-4E6E-9405-5B087513D5A5}"
EndProject
Global
	GlobalSection(SolutionConfigurationPlatforms) = preSolution
		Debug|Any CPU = Debug|Any CPU
		Release|Any CPU = Release|Any CPU
	EndGlobalSection
	GlobalSection(ProjectConfigurationPlatforms) = postSolution
		{67E8E6EF-D07E-4AA8-AF3F-467E8E99C9A5}.Debug|Any CPU.ActiveCfg = Debug|Any CPU
		{67E8E6EF-D07E-4AA8-AF3F-467E8E99C9A5}.Debug|Any CPU.Build.0 = Debug|Any CPU
		{67E8E6EF-D07E-4AA8-AF3F-467E8E99C9A5}.Release|Any CPU.ActiveCfg = Release|Any CPU
		{67E8E6EF-D07E-4AA8-AF3F-467E8E99C9A5}.Release|Any CPU.Build.0 = Release|Any CPU
		{C910F873-0D5F-4E6E-9405-5B087513D5A5}.Debug|Any CPU.ActiveCfg = Debug|Any CPU
		{C910F873-0D5F-4E6E-9405-5B087513D5A5}.Debug|Any CPU.Build.0 = Debug|Any CPU
		{C910F873-0D5F-4E6E-9405-5B087513D5A5}.Release|Any CPU.ActiveCfg = Release|Any CPU
		{C910F873-0D5F-4E6E-9405-5B087513D5A5}.Release|Any CPU.Build.0 = Release|Any CPU
	EndGlobalSection
	GlobalSection(SolutionProperties) = preSolution
		HideSolutionNode = FALSE
	EndGlobalSection
	GlobalSection(ExtensibilityGlobals) = postSolution
		SolutionGuid = {AF0FAFAF-63F4-41CE-8A96-474A79C1D564}
	EndGlobalSection
EndGlobal
